# This file is automatically @generated by Cargo.
# It is not intended for manual editing.
version = 4

[[package]]
name = "libmpv2"
version = "5.0.1"
source = "registry+https://github.com/rust-lang/crates.io-index"
checksum = "ceb0d95727ae70984e83973e4c03a16c962ae3ecfd0febc02125aeba4cb9dff9"
dependencies = [
 "libmpv2-sys",
]

[[package]]
name = "libmpv2-sys"
version = "4.0.0"
source = "registry+https://github.com/rust-lang/crates.io-index"
checksum = "42124ba90561beede41d5e6ef64eef63fc1395cf83217e3dd1157294f7dcdb56"

[[package]]
name = "sonictunes"
version = "0.1.0"
dependencies = [
 "libmpv2",
]
